// !$*UTF8*$!
{
	archiveVersion = 1;
	classes = {
	};
	objectVersion = 55;
	objects = {

/* Begin PBXBuildFile section */
		F909693D28D17A2700D8005C /* readTableViewController.swift in Sources */ = {isa = PBXBuildFile; fileRef = F909693C28D17A2700D8005C /* readTableViewController.swift */; };
		F9146B3B28C1EA1100FA7803 /* AppDelegate.swift in Sources */ = {isa = PBXBuildFile; fileRef = F9146B3A28C1EA1100FA7803 /* AppDelegate.swift */; };
		F9146B3D28C1EA1100FA7803 /* SceneDelegate.swift in Sources */ = {isa = PBXBuildFile; fileRef = F9146B3C28C1EA1100FA7803 /* SceneDelegate.swift */; };
		F9146B4228C1EA1100FA7803 /* Main.storyboard in Resources */ = {isa = PBXBuildFile; fileRef = F9146B4028C1EA1100FA7803 /* Main.storyboard */; };
		F9146B4428C1EA1100FA7803 /* Assets.xcassets in Resources */ = {isa = PBXBuildFile; fileRef = F9146B4328C1EA1100FA7803 /* Assets.xcassets */; };
		F9146B4728C1EA1100FA7803 /* LaunchScreen.storyboard in Resources */ = {isa = PBXBuildFile; fileRef = F9146B4528C1EA1100FA7803 /* LaunchScreen.storyboard */; };
		F9146B5228C1EA1100FA7803 /* QuickBibleTests.swift in Sources */ = {isa = PBXBuildFile; fileRef = F9146B5128C1EA1100FA7803 /* QuickBibleTests.swift */; };
		F9146B5C28C1EA1100FA7803 /* QuickBibleUITests.swift in Sources */ = {isa = PBXBuildFile; fileRef = F9146B5B28C1EA1100FA7803 /* QuickBibleUITests.swift */; };
		F9146B5E28C1EA1100FA7803 /* QuickBibleUITestsLaunchTests.swift in Sources */ = {isa = PBXBuildFile; fileRef = F9146B5D28C1EA1100FA7803 /* QuickBibleUITestsLaunchTests.swift */; };
		F9146B6D28C1F00300FA7803 /* SQLiteDB.swift in Sources */ = {isa = PBXBuildFile; fileRef = F9146B6B28C1F00300FA7803 /* SQLiteDB.swift */; };
		F9146B6E28C1F00300FA7803 /* SQLiteBase.swift in Sources */ = {isa = PBXBuildFile; fileRef = F9146B6C28C1F00300FA7803 /* SQLiteBase.swift */; };
		F9146B7128C1F06900FA7803 /* CloudDB.swift in Sources */ = {isa = PBXBuildFile; fileRef = F9146B7028C1F06900FA7803 /* CloudDB.swift */; };
		F9146B7328C1F08400FA7803 /* SQLTable.swift in Sources */ = {isa = PBXBuildFile; fileRef = F9146B7228C1F08400FA7803 /* SQLTable.swift */; };
		F9146B7528C1F16B00FA7803 /* DataManager.swift in Sources */ = {isa = PBXBuildFile; fileRef = F9146B7428C1F16B00FA7803 /* DataManager.swift */; };
		F9146B7628C1F25200FA7803 /* bible_chn.db in Resources */ = {isa = PBXBuildFile; fileRef = F9146B6F28C1F03F00FA7803 /* bible_chn.db */; };
		F92952062963F8C400650E07 /* searchTableViewController.swift in Sources */ = {isa = PBXBuildFile; fileRef = F92952052963F8C400650E07 /* searchTableViewController.swift */; };
		F9518B45296FE4B0001409D5 /* searchViewController.swift in Sources */ = {isa = PBXBuildFile; fileRef = F9518B44296FE4B0001409D5 /* searchViewController.swift */; };
		F9518B47296FFEFB001409D5 /* Bookdict.swift in Sources */ = {isa = PBXBuildFile; fileRef = F9518B46296FFEFB001409D5 /* Bookdict.swift */; };
		F997895B2954418500A21680 /* HistoryVerse.swift in Sources */ = {isa = PBXBuildFile; fileRef = F997895A2954418500A21680 /* HistoryVerse.swift */; };
		F9A8908A2D7B0998003BFD38 /* UIColor+Extensions.swift in Sources */ = {isa = PBXBuildFile; fileRef = F9A890882D7B0998003BFD38 /* UIColor+Extensions.swift */; };
		F9B10EBC28F1917B00490D15 /* favoriteViewController.swift in Sources */ = {isa = PBXBuildFile; fileRef = F9B10EBB28F1917B00490D15 /* favoriteViewController.swift */; };
		F9B10EBE28F192A200490D15 /* BibleData.swift in Sources */ = {isa = PBXBuildFile; fileRef = F9B10EBD28F192A200490D15 /* BibleData.swift */; };
		F9B10EC028F8EC7300490D15 /* FavoriteVerse.swift in Sources */ = {isa = PBXBuildFile; fileRef = F9B10EBF28F8EC7300490D15 /* FavoriteVerse.swift */; };
		F9B492CC28D9ADE8003792A4 /* referenceTableViewController.swift in Sources */ = {isa = PBXBuildFile; fileRef = F9B492CB28D9ADE8003792A4 /* referenceTableViewController.swift */; };
		F9DC46CB28E3F30C003C3316 /* contentCollectionViewController.swift in Sources */ = {isa = PBXBuildFile; fileRef = F9DC46CA28E3F30C003C3316 /* contentCollectionViewController.swift */; };
		F9DC46CD28E66F4E003C3316 /* sectionCollectionReusableView.swift in Sources */ = {isa = PBXBuildFile; fileRef = F9DC46CC28E66F4E003C3316 /* sectionCollectionReusableView.swift */; };
		F9DC46CF28E6C5E9003C3316 /* chapterContentCollectionViewController.swift in Sources */ = {isa = PBXBuildFile; fileRef = F9DC46CE28E6C5E9003C3316 /* chapterContentCollectionViewController.swift */; };
/* End PBXBuildFile section */

/* Begin PBXContainerItemProxy section */
		F9146B4E28C1EA1100FA7803 /* PBXContainerItemProxy */ = {
			isa = PBXContainerItemProxy;
			containerPortal = F9146B2F28C1EA1100FA7803 /* Project object */;
			proxyType = 1;
			remoteGlobalIDString = F9146B3628C1EA1100FA7803;
			remoteInfo = QuickBible;
		};
		F9146B5828C1EA1100FA7803 /* PBXContainerItemProxy */ = {
			isa = PBXContainerItemProxy;
			containerPortal = F9146B2F28C1EA1100FA7803 /* Project object */;
			proxyType = 1;
			remoteGlobalIDString = F9146B3628C1EA1100FA7803;
			remoteInfo = QuickBible;
		};
/* End PBXContainerItemProxy section */

/* Begin PBXCopyFilesBuildPhase section */
		F991F84729565A5F004E2135 /* Embed Foundation Extensions */ = {
			isa = PBXCopyFilesBuildPhase;
			buildActionMask = 2147483647;
			dstPath = "";
			dstSubfolderSpec = 13;
			files = (
			);
			name = "Embed Foundation Extensions";
			runOnlyForDeploymentPostprocessing = 0;
		};
/* End PBXCopyFilesBuildPhase section */

/* Begin PBXFileReference section */
		F909693C28D17A2700D8005C /* readTableViewController.swift */ = {isa = PBXFileReference; lastKnownFileType = sourcecode.swift; path = readTableViewController.swift; sourceTree = "<group>"; };
		F9146B3728C1EA1100FA7803 /* QuickBible.app */ = {isa = PBXFileReference; explicitFileType = wrapper.application; includeInIndex = 0; path = QuickBible.app; sourceTree = BUILT_PRODUCTS_DIR; };
		F9146B3A28C1EA1100FA7803 /* AppDelegate.swift */ = {isa = PBXFileReference; lastKnownFileType = sourcecode.swift; path = AppDelegate.swift; sourceTree = "<group>"; };
		F9146B3C28C1EA1100FA7803 /* SceneDelegate.swift */ = {isa = PBXFileReference; lastKnownFileType = sourcecode.swift; path = SceneDelegate.swift; sourceTree = "<group>"; };
		F9146B4128C1EA1100FA7803 /* Base */ = {isa = PBXFileReference; lastKnownFileType = file.storyboard; name = Base; path = Base.lproj/Main.storyboard; sourceTree = "<group>"; };
		F9146B4328C1EA1100FA7803 /* Assets.xcassets */ = {isa = PBXFileReference; lastKnownFileType = folder.assetcatalog; path = Assets.xcassets; sourceTree = "<group>"; };
		F9146B4628C1EA1100FA7803 /* Base */ = {isa = PBXFileReference; lastKnownFileType = file.storyboard; name = Base; path = Base.lproj/LaunchScreen.storyboard; sourceTree = "<group>"; };
		F9146B4828C1EA1100FA7803 /* Info.plist */ = {isa = PBXFileReference; lastKnownFileType = text.plist.xml; path = Info.plist; sourceTree = "<group>"; };
		F9146B4D28C1EA1100FA7803 /* QuickBibleTests.xctest */ = {isa = PBXFileReference; explicitFileType = wrapper.cfbundle; includeInIndex = 0; path = QuickBibleTests.xctest; sourceTree = BUILT_PRODUCTS_DIR; };
		F9146B5128C1EA1100FA7803 /* QuickBibleTests.swift */ = {isa = PBXFileReference; lastKnownFileType = sourcecode.swift; path = QuickBibleTests.swift; sourceTree = "<group>"; };
		F9146B5728C1EA1100FA7803 /* QuickBibleUITests.xctest */ = {isa = PBXFileReference; explicitFileType = wrapper.cfbundle; includeInIndex = 0; path = QuickBibleUITests.xctest; sourceTree = BUILT_PRODUCTS_DIR; };
		F9146B5B28C1EA1100FA7803 /* QuickBibleUITests.swift */ = {isa = PBXFileReference; lastKnownFileType = sourcecode.swift; path = QuickBibleUITests.swift; sourceTree = "<group>"; };
		F9146B5D28C1EA1100FA7803 /* QuickBibleUITestsLaunchTests.swift */ = {isa = PBXFileReference; lastKnownFileType = sourcecode.swift; path = QuickBibleUITestsLaunchTests.swift; sourceTree = "<group>"; };
		F9146B6B28C1F00300FA7803 /* SQLiteDB.swift */ = {isa = PBXFileReference; fileEncoding = 4; lastKnownFileType = sourcecode.swift; path = SQLiteDB.swift; sourceTree = "<group>"; };
		F9146B6C28C1F00300FA7803 /* SQLiteBase.swift */ = {isa = PBXFileReference; fileEncoding = 4; lastKnownFileType = sourcecode.swift; path = SQLiteBase.swift; sourceTree = "<group>"; };
		F9146B6F28C1F03F00FA7803 /* bible_chn.db */ = {isa = PBXFileReference; lastKnownFileType = file; path = bible_chn.db; sourceTree = "<group>"; };
		F9146B7028C1F06900FA7803 /* CloudDB.swift */ = {isa = PBXFileReference; fileEncoding = 4; lastKnownFileType = sourcecode.swift; path = CloudDB.swift; sourceTree = "<group>"; };
		F9146B7228C1F08400FA7803 /* SQLTable.swift */ = {isa = PBXFileReference; fileEncoding = 4; lastKnownFileType = sourcecode.swift; path = SQLTable.swift; sourceTree = "<group>"; };
		F9146B7428C1F16B00FA7803 /* DataManager.swift */ = {isa = PBXFileReference; lastKnownFileType = sourcecode.swift; path = DataManager.swift; sourceTree = "<group>"; };
		F92952052963F8C400650E07 /* searchTableViewController.swift */ = {isa = PBXFileReference; lastKnownFileType = sourcecode.swift; path = searchTableViewController.swift; sourceTree = "<group>"; };
		F9518B44296FE4B0001409D5 /* searchViewController.swift */ = {isa = PBXFileReference; lastKnownFileType = sourcecode.swift; path = searchViewController.swift; sourceTree = "<group>"; };
		F9518B46296FFEFB001409D5 /* Bookdict.swift */ = {isa = PBXFileReference; lastKnownFileType = sourcecode.swift; path = Bookdict.swift; sourceTree = "<group>"; };
		F991F831295659B4004E2135 /* QuickBible.entitlements */ = {isa = PBXFileReference; lastKnownFileType = text.plist.entitlements; path = QuickBible.entitlements; sourceTree = "<group>"; };
		F991F83829565A5F004E2135 /* IntentsUI.framework */ = {isa = PBXFileReference; lastKnownFileType = wrapper.framework; name = IntentsUI.framework; path = System/Library/Frameworks/IntentsUI.framework; sourceTree = SDKROOT; };
		F991F83B29565A5F004E2135 /* IntentViewController.swift */ = {isa = PBXFileReference; lastKnownFileType = sourcecode.swift; path = IntentViewController.swift; sourceTree = "<group>"; };
		F991F83E29565A5F004E2135 /* Base */ = {isa = PBXFileReference; lastKnownFileType = file.storyboard; name = Base; path = Base.lproj/MainInterface.storyboard; sourceTree = "<group>"; };
		F991F84029565A5F004E2135 /* Info.plist */ = {isa = PBXFileReference; lastKnownFileType = text.plist.xml; path = Info.plist; sourceTree = "<group>"; };
		F997895A2954418500A21680 /* HistoryVerse.swift */ = {isa = PBXFileReference; lastKnownFileType = sourcecode.swift; path = HistoryVerse.swift; sourceTree = "<group>"; };
		F9A890882D7B0998003BFD38 /* UIColor+Extensions.swift */ = {isa = PBXFileReference; lastKnownFileType = sourcecode.swift; path = "UIColor+Extensions.swift"; sourceTree = "<group>"; };
		F9B10EBB28F1917B00490D15 /* favoriteViewController.swift */ = {isa = PBXFileReference; lastKnownFileType = sourcecode.swift; path = favoriteViewController.swift; sourceTree = "<group>"; };
		F9B10EBD28F192A200490D15 /* BibleData.swift */ = {isa = PBXFileReference; lastKnownFileType = sourcecode.swift; path = BibleData.swift; sourceTree = "<group>"; };
		F9B10EBF28F8EC7300490D15 /* FavoriteVerse.swift */ = {isa = PBXFileReference; lastKnownFileType = sourcecode.swift; path = FavoriteVerse.swift; sourceTree = "<group>"; };
		F9B492CB28D9ADE8003792A4 /* referenceTableViewController.swift */ = {isa = PBXFileReference; lastKnownFileType = sourcecode.swift; path = referenceTableViewController.swift; sourceTree = "<group>"; };
		F9DC46CA28E3F30C003C3316 /* contentCollectionViewController.swift */ = {isa = PBXFileReference; lastKnownFileType = sourcecode.swift; path = contentCollectionViewController.swift; sourceTree = "<group>"; };
		F9DC46CC28E66F4E003C3316 /* sectionCollectionReusableView.swift */ = {isa = PBXFileReference; lastKnownFileType = sourcecode.swift; path = sectionCollectionReusableView.swift; sourceTree = "<group>"; };
		F9DC46CE28E6C5E9003C3316 /* chapterContentCollectionViewController.swift */ = {isa = PBXFileReference; lastKnownFileType = sourcecode.swift; path = chapterContentCollectionViewController.swift; sourceTree = "<group>"; };
/* End PBXFileReference section */

/* Begin PBXFrameworksBuildPhase section */
		F9146B3428C1EA1100FA7803 /* Frameworks */ = {
			isa = PBXFrameworksBuildPhase;
			buildActionMask = 2147483647;
			files = (
			);
			runOnlyForDeploymentPostprocessing = 0;
		};
		F9146B4A28C1EA1100FA7803 /* Frameworks */ = {
			isa = PBXFrameworksBuildPhase;
			buildActionMask = 2147483647;
			files = (
			);
			runOnlyForDeploymentPostprocessing = 0;
		};
		F9146B5428C1EA1100FA7803 /* Frameworks */ = {
			isa = PBXFrameworksBuildPhase;
			buildActionMask = 2147483647;
			files = (
			);
			runOnlyForDeploymentPostprocessing = 0;
		};
/* End PBXFrameworksBuildPhase section */

/* Begin PBXGroup section */
		F9146B2E28C1EA1100FA7803 = {
			isa = PBXGroup;
			children = (
				F9146B3928C1EA1100FA7803 /* QuickBible */,
				F9146B5028C1EA1100FA7803 /* QuickBibleTests */,
				F9146B5A28C1EA1100FA7803 /* QuickBibleUITests */,
				F991F83A29565A5F004E2135 /* bibleIntent */,
				F991F83729565A5F004E2135 /* Frameworks */,
				F9146B3828C1EA1100FA7803 /* Products */,
			);
			sourceTree = "<group>";
		};
		F9146B3828C1EA1100FA7803 /* Products */ = {
			isa = PBXGroup;
			children = (
				F9146B3728C1EA1100FA7803 /* QuickBible.app */,
				F9146B4D28C1EA1100FA7803 /* QuickBibleTests.xctest */,
				F9146B5728C1EA1100FA7803 /* QuickBibleUITests.xctest */,
			);
			name = Products;
			sourceTree = "<group>";
		};
		F9146B3928C1EA1100FA7803 /* QuickBible */ = {
			isa = PBXGroup;
			children = (
				F991F831295659B4004E2135 /* QuickBible.entitlements */,
				F9146B6A28C1EFEF00FA7803 /* sqlite */,
				F9C1A4FB28FCED32005FB54D /* data */,
				F9A66EFB28FCEB56006918AC /* viewcontroller */,
				F9146B6F28C1F03F00FA7803 /* bible_chn.db */,
				F9146B3A28C1EA1100FA7803 /* AppDelegate.swift */,
				F9146B3C28C1EA1100FA7803 /* SceneDelegate.swift */,
				F9146B4028C1EA1100FA7803 /* Main.storyboard */,
				F9146B4328C1EA1100FA7803 /* Assets.xcassets */,
				F9146B4528C1EA1100FA7803 /* LaunchScreen.storyboard */,
				F9146B4828C1EA1100FA7803 /* Info.plist */,
				F9A890892D7B0998003BFD38 /* Extensions */,
			);
			path = QuickBible;
			sourceTree = "<group>";
		};
		F9146B5028C1EA1100FA7803 /* QuickBibleTests */ = {
			isa = PBXGroup;
			children = (
				F9146B5128C1EA1100FA7803 /* QuickBibleTests.swift */,
			);
			path = QuickBibleTests;
			sourceTree = "<group>";
		};
		F9146B5A28C1EA1100FA7803 /* QuickBibleUITests */ = {
			isa = PBXGroup;
			children = (
				F9146B5B28C1EA1100FA7803 /* QuickBibleUITests.swift */,
				F9146B5D28C1EA1100FA7803 /* QuickBibleUITestsLaunchTests.swift */,
			);
			path = QuickBibleUITests;
			sourceTree = "<group>";
		};
		F9146B6A28C1EFEF00FA7803 /* sqlite */ = {
			isa = PBXGroup;
			children = (
				F9146B7228C1F08400FA7803 /* SQLTable.swift */,
				F9146B7028C1F06900FA7803 /* CloudDB.swift */,
				F9146B6C28C1F00300FA7803 /* SQLiteBase.swift */,
				F9146B6B28C1F00300FA7803 /* SQLiteDB.swift */,
			);
			path = sqlite;
			sourceTree = "<group>";
		};
		F991F83729565A5F004E2135 /* Frameworks */ = {
			isa = PBXGroup;
			children = (
				F991F83829565A5F004E2135 /* IntentsUI.framework */,
			);
			name = Frameworks;
			sourceTree = "<group>";
		};
		F991F83A29565A5F004E2135 /* bibleIntent */ = {
			isa = PBXGroup;
			children = (
				F991F83B29565A5F004E2135 /* IntentViewController.swift */,
				F991F83D29565A5F004E2135 /* MainInterface.storyboard */,
				F991F84029565A5F004E2135 /* Info.plist */,
			);
			path = bibleIntent;
			sourceTree = "<group>";
		};
		F9A66EFB28FCEB56006918AC /* viewcontroller */ = {
			isa = PBXGroup;
			children = (
				F9518B44296FE4B0001409D5 /* searchViewController.swift */,
				F92952052963F8C400650E07 /* searchTableViewController.swift */,
				F9B10EBB28F1917B00490D15 /* favoriteViewController.swift */,
				F909693C28D17A2700D8005C /* readTableViewController.swift */,
				F9B492CB28D9ADE8003792A4 /* referenceTableViewController.swift */,
				F9DC46CA28E3F30C003C3316 /* contentCollectionViewController.swift */,
				F9DC46CE28E6C5E9003C3316 /* chapterContentCollectionViewController.swift */,
				F9DC46CC28E66F4E003C3316 /* sectionCollectionReusableView.swift */,
			);
			path = viewcontroller;
			sourceTree = "<group>";
		};
		F9A890892D7B0998003BFD38 /* Extensions */ = {
			isa = PBXGroup;
			children = (
				F9A890882D7B0998003BFD38 /* UIColor+Extensions.swift */,
			);
			path = Extensions;
			sourceTree = "<group>";
		};
		F9C1A4FB28FCED32005FB54D /* data */ = {
			isa = PBXGroup;
			children = (
				F9146B7428C1F16B00FA7803 /* DataManager.swift */,
				F9B10EBF28F8EC7300490D15 /* FavoriteVerse.swift */,
				F997895A2954418500A21680 /* HistoryVerse.swift */,
				F9B10EBD28F192A200490D15 /* BibleData.swift */,
				F9518B46296FFEFB001409D5 /* Bookdict.swift */,
			);
			path = data;
			sourceTree = "<group>";
		};
/* End PBXGroup section */

/* Begin PBXNativeTarget section */
		F9146B3628C1EA1100FA7803 /* QuickBible */ = {
			isa = PBXNativeTarget;
			buildConfigurationList = F9146B6128C1EA1100FA7803 /* Build configuration list for PBXNativeTarget "QuickBible" */;
			buildPhases = (
				F9146B3328C1EA1100FA7803 /* Sources */,
				F9146B3428C1EA1100FA7803 /* Frameworks */,
				F9146B3528C1EA1100FA7803 /* Resources */,
				F991F84729565A5F004E2135 /* Embed Foundation Extensions */,
			);
			buildRules = (
			);
			dependencies = (
			);
			name = QuickBible;
			productName = QuickBible;
			productReference = F9146B3728C1EA1100FA7803 /* QuickBible.app */;
			productType = "com.apple.product-type.application";
		};
		F9146B4C28C1EA1100FA7803 /* QuickBibleTests */ = {
			isa = PBXNativeTarget;
			buildConfigurationList = F9146B6428C1EA1100FA7803 /* Build configuration list for PBXNativeTarget "QuickBibleTests" */;
			buildPhases = (
				F9146B4928C1EA1100FA7803 /* Sources */,
				F9146B4A28C1EA1100FA7803 /* Frameworks */,
				F9146B4B28C1EA1100FA7803 /* Resources */,
			);
			buildRules = (
			);
			dependencies = (
				F9146B4F28C1EA1100FA7803 /* PBXTargetDependency */,
			);
			name = QuickBibleTests;
			productName = QuickBibleTests;
			productReference = F9146B4D28C1EA1100FA7803 /* QuickBibleTests.xctest */;
			productType = "com.apple.product-type.bundle.unit-test";
		};
		F9146B5628C1EA1100FA7803 /* QuickBibleUITests */ = {
			isa = PBXNativeTarget;
			buildConfigurationList = F9146B6728C1EA1100FA7803 /* Build configuration list for PBXNativeTarget "QuickBibleUITests" */;
			buildPhases = (
				F9146B5328C1EA1100FA7803 /* Sources */,
				F9146B5428C1EA1100FA7803 /* Frameworks */,
				F9146B5528C1EA1100FA7803 /* Resources */,
			);
			buildRules = (
			);
			dependencies = (
				F9146B5928C1EA1100FA7803 /* PBXTargetDependency */,
			);
			name = QuickBibleUITests;
			productName = QuickBibleUITests;
			productReference = F9146B5728C1EA1100FA7803 /* QuickBibleUITests.xctest */;
			productType = "com.apple.product-type.bundle.ui-testing";
		};
/* End PBXNativeTarget section */

/* Begin PBXProject section */
		F9146B2F28C1EA1100FA7803 /* Project object */ = {
			isa = PBXProject;
			attributes = {
				BuildIndependentTargetsInParallel = 1;
				LastSwiftUpdateCheck = 1420;
				LastUpgradeCheck = 1340;
				TargetAttributes = {
					F9146B3628C1EA1100FA7803 = {
						CreatedOnToolsVersion = 13.4.1;
					};
					F9146B4C28C1EA1100FA7803 = {
						CreatedOnToolsVersion = 13.4.1;
						TestTargetID = F9146B3628C1EA1100FA7803;
					};
					F9146B5628C1EA1100FA7803 = {
						CreatedOnToolsVersion = 13.4.1;
						TestTargetID = F9146B3628C1EA1100FA7803;
					};
				};
			};
			buildConfigurationList = F9146B3228C1EA1100FA7803 /* Build configuration list for PBXProject "QuickBible" */;
			compatibilityVersion = "Xcode 13.0";
			developmentRegion = en;
			hasScannedForEncodings = 0;
			knownRegions = (
				en,
				Base,
			);
			mainGroup = F9146B2E28C1EA1100FA7803;
			productRefGroup = F9146B3828C1EA1100FA7803 /* Products */;
			projectDirPath = "";
			projectRoot = "";
			targets = (
				F9146B3628C1EA1100FA7803 /* QuickBible */,
				F9146B4C28C1EA1100FA7803 /* QuickBibleTests */,
				F9146B5628C1EA1100FA7803 /* QuickBibleUITests */,
			);
		};
/* End PBXProject section */

/* Begin PBXResourcesBuildPhase section */
		F9146B3528C1EA1100FA7803 /* Resources */ = {
			isa = PBXResourcesBuildPhase;
			buildActionMask = 2147483647;
			files = (
				F9146B7628C1F25200FA7803 /* bible_chn.db in Resources */,
				F9146B4728C1EA1100FA7803 /* LaunchScreen.storyboard in Resources */,
				F9146B4428C1EA1100FA7803 /* Assets.xcassets in Resources */,
				F9146B4228C1EA1100FA7803 /* Main.storyboard in Resources */,
			);
			runOnlyForDeploymentPostprocessing = 0;
		};
		F9146B4B28C1EA1100FA7803 /* Resources */ = {
			isa = PBXResourcesBuildPhase;
			buildActionMask = 2147483647;
			files = (
			);
			runOnlyForDeploymentPostprocessing = 0;
		};
		F9146B5528C1EA1100FA7803 /* Resources */ = {
			isa = PBXResourcesBuildPhase;
			buildActionMask = 2147483647;
			files = (
			);
			runOnlyForDeploymentPostprocessing = 0;
		};
/* End PBXResourcesBuildPhase section */

/* Begin PBXSourcesBuildPhase section */
		F9146B3328C1EA1100FA7803 /* Sources */ = {
			isa = PBXSourcesBuildPhase;
			buildActionMask = 2147483647;
			files = (
				F9146B7528C1F16B00FA7803 /* DataManager.swift in Sources */,
				F909693D28D17A2700D8005C /* readTableViewController.swift in Sources */,
				F9146B7328C1F08400FA7803 /* SQLTable.swift in Sources */,
				F9146B6E28C1F00300FA7803 /* SQLiteBase.swift in Sources */,
				F997895B2954418500A21680 /* HistoryVerse.swift in Sources */,
				F9DC46CB28E3F30C003C3316 /* contentCollectionViewController.swift in Sources */,
				F9146B6D28C1F00300FA7803 /* SQLiteDB.swift in Sources */,
				F9DC46CD28E66F4E003C3316 /* sectionCollectionReusableView.swift in Sources */,
				F9146B3B28C1EA1100FA7803 /* AppDelegate.swift in Sources */,
				F9B10EBC28F1917B00490D15 /* favoriteViewController.swift in Sources */,
				F9DC46CF28E6C5E9003C3316 /* chapterContentCollectionViewController.swift in Sources */,
				F9A8908A2D7B0998003BFD38 /* UIColor+Extensions.swift in Sources */,
				F92952062963F8C400650E07 /* searchTableViewController.swift in Sources */,
				F9B10EBE28F192A200490D15 /* BibleData.swift in Sources */,
				F9146B3D28C1EA1100FA7803 /* SceneDelegate.swift in Sources */,
				F9518B45296FE4B0001409D5 /* searchViewController.swift in Sources */,
				F9B10EC028F8EC7300490D15 /* FavoriteVerse.swift in Sources */,
				F9B492CC28D9ADE8003792A4 /* referenceTableViewController.swift in Sources */,
				F9518B47296FFEFB001409D5 /* Bookdict.swift in Sources */,
				F9146B7128C1F06900FA7803 /* CloudDB.swift in Sources */,
			);
			runOnlyForDeploymentPostprocessing = 0;
		};
		F9146B4928C1EA1100FA7803 /* Sources */ = {
			isa = PBXSourcesBuildPhase;
			buildActionMask = 2147483647;
			files = (
				F9146B5228C1EA1100FA7803 /* QuickBibleTests.swift in Sources */,
			);
			runOnlyForDeploymentPostprocessing = 0;
		};
		F9146B5328C1EA1100FA7803 /* Sources */ = {
			isa = PBXSourcesBuildPhase;
			buildActionMask = 2147483647;
			files = (
				F9146B5C28C1EA1100FA7803 /* QuickBibleUITests.swift in Sources */,
				F9146B5E28C1EA1100FA7803 /* QuickBibleUITestsLaunchTests.swift in Sources */,
			);
			runOnlyForDeploymentPostprocessing = 0;
		};
/* End PBXSourcesBuildPhase section */

/* Begin PBXTargetDependency section */
		F9146B4F28C1EA1100FA7803 /* PBXTargetDependency */ = {
			isa = PBXTargetDependency;
			target = F9146B3628C1EA1100FA7803 /* QuickBible */;
			targetProxy = F9146B4E28C1EA1100FA7803 /* PBXContainerItemProxy */;
		};
		F9146B5928C1EA1100FA7803 /* PBXTargetDependency */ = {
			isa = PBXTargetDependency;
			target = F9146B3628C1EA1100FA7803 /* QuickBible */;
			targetProxy = F9146B5828C1EA1100FA7803 /* PBXContainerItemProxy */;
		};
/* End PBXTargetDependency section */

/* Begin PBXVariantGroup section */
		F9146B4028C1EA1100FA7803 /* Main.storyboard */ = {
			isa = PBXVariantGroup;
			children = (
				F9146B4128C1EA1100FA7803 /* Base */,
			);
			name = Main.storyboard;
			sourceTree = "<group>";
		};
		F9146B4528C1EA1100FA7803 /* LaunchScreen.storyboard */ = {
			isa = PBXVariantGroup;
			children = (
				F9146B4628C1EA1100FA7803 /* Base */,
			);
			name = LaunchScreen.storyboard;
			sourceTree = "<group>";
		};
		F991F83D29565A5F004E2135 /* MainInterface.storyboard */ = {
			isa = PBXVariantGroup;
			children = (
				F991F83E29565A5F004E2135 /* Base */,
			);
			name = MainInterface.storyboard;
			sourceTree = "<group>";
		};
/* End PBXVariantGroup section */

/* Begin XCBuildConfiguration section */
		F9146B5F28C1EA1100FA7803 /* Debug */ = {
			isa = XCBuildConfiguration;
			buildSettings = {
				ALWAYS_SEARCH_USER_PATHS = NO;
				CLANG_ANALYZER_NONNULL = YES;
				CLANG_ANALYZER_NUMBER_OBJECT_CONVERSION = YES_AGGRESSIVE;
				CLANG_CXX_LANGUAGE_STANDARD = "gnu++17";
				CLANG_ENABLE_MODULES = YES;
				CLANG_ENABLE_OBJC_ARC = YES;
				CLANG_ENABLE_OBJC_WEAK = YES;
				CLANG_WARN_BLOCK_CAPTURE_AUTORELEASING = YES;
				CLANG_WARN_BOOL_CONVERSION = YES;
				CLANG_WARN_COMMA = YES;
				CLANG_WARN_CONSTANT_CONVERSION = YES;
				CLANG_WARN_DEPRECATED_OBJC_IMPLEMENTATIONS = YES;
				CLANG_WARN_DIRECT_OBJC_ISA_USAGE = YES_ERROR;
				CLANG_WARN_DOCUMENTATION_COMMENTS = YES;
				CLANG_WARN_EMPTY_BODY = YES;
				CLANG_WARN_ENUM_CONVERSION = YES;
				CLANG_WARN_INFINITE_RECURSION = YES;
				CLANG_WARN_INT_CONVERSION = YES;
				CLANG_WARN_NON_LITERAL_NULL_CONVERSION = YES;
				CLANG_WARN_OBJC_IMPLICIT_RETAIN_SELF = YES;
				CLANG_WARN_OBJC_LITERAL_CONVERSION = YES;
				CLANG_WARN_OBJC_ROOT_CLASS = YES_ERROR;
				CLANG_WARN_QUOTED_INCLUDE_IN_FRAMEWORK_HEADER = YES;
				CLANG_WARN_RANGE_LOOP_ANALYSIS = YES;
				CLANG_WARN_STRICT_PROTOTYPES = YES;
				CLANG_WARN_SUSPICIOUS_MOVE = YES;
				CLANG_WARN_UNGUARDED_AVAILABILITY = YES_AGGRESSIVE;
				CLANG_WARN_UNREACHABLE_CODE = YES;
				CLANG_WARN__DUPLICATE_METHOD_MATCH = YES;
				COPY_PHASE_STRIP = NO;
				DEBUG_INFORMATION_FORMAT = dwarf;
				ENABLE_STRICT_OBJC_MSGSEND = YES;
				ENABLE_TESTABILITY = YES;
				GCC_C_LANGUAGE_STANDARD = gnu11;
				GCC_DYNAMIC_NO_PIC = NO;
				GCC_NO_COMMON_BLOCKS = YES;
				GCC_OPTIMIZATION_LEVEL = 0;
				GCC_PREPROCESSOR_DEFINITIONS = (
					"DEBUG=1",
					"$(inherited)",
				);
				GCC_WARN_64_TO_32_BIT_CONVERSION = YES;
				GCC_WARN_ABOUT_RETURN_TYPE = YES_ERROR;
				GCC_WARN_UNDECLARED_SELECTOR = YES;
				GCC_WARN_UNINITIALIZED_AUTOS = YES_AGGRESSIVE;
				GCC_WARN_UNUSED_FUNCTION = YES;
				GCC_WARN_UNUSED_VARIABLE = YES;
				IPHONEOS_DEPLOYMENT_TARGET = 14.0;
				MTL_ENABLE_DEBUG_INFO = INCLUDE_SOURCE;
				MTL_FAST_MATH = YES;
				ONLY_ACTIVE_ARCH = YES;
				SDKROOT = iphoneos;
				SWIFT_ACTIVE_COMPILATION_CONDITIONS = DEBUG;
				SWIFT_OPTIMIZATION_LEVEL = "-Onone";
			};
			name = Debug;
		};
		F9146B6028C1EA1100FA7803 /* Release */ = {
			isa = XCBuildConfiguration;
			buildSettings = {
				ALWAYS_SEARCH_USER_PATHS = NO;
				CLANG_ANALYZER_NONNULL = YES;
				CLANG_ANALYZER_NUMBER_OBJECT_CONVERSION = YES_AGGRESSIVE;
				CLANG_CXX_LANGUAGE_STANDARD = "gnu++17";
				CLANG_ENABLE_MODULES = YES;
				CLANG_ENABLE_OBJC_ARC = YES;
				CLANG_ENABLE_OBJC_WEAK = YES;
				CLANG_WARN_BLOCK_CAPTURE_AUTORELEASING = YES;
				CLANG_WARN_BOOL_CONVERSION = YES;
				CLANG_WARN_COMMA = YES;
				CLANG_WARN_CONSTANT_CONVERSION = YES;
				CLANG_WARN_DEPRECATED_OBJC_IMPLEMENTATIONS = YES;
				CLANG_WARN_DIRECT_OBJC_ISA_USAGE = YES_ERROR;
				CLANG_WARN_DOCUMENTATION_COMMENTS = YES;
				CLANG_WARN_EMPTY_BODY = YES;
				CLANG_WARN_ENUM_CONVERSION = YES;
				CLANG_WARN_INFINITE_RECURSION = YES;
				CLANG_WARN_INT_CONVERSION = YES;
				CLANG_WARN_NON_LITERAL_NULL_CONVERSION = YES;
				CLANG_WARN_OBJC_IMPLICIT_RETAIN_SELF = YES;
				CLANG_WARN_OBJC_LITERAL_CONVERSION = YES;
				CLANG_WARN_OBJC_ROOT_CLASS = YES_ERROR;
				CLANG_WARN_QUOTED_INCLUDE_IN_FRAMEWORK_HEADER = YES;
				CLANG_WARN_RANGE_LOOP_ANALYSIS = YES;
				CLANG_WARN_STRICT_PROTOTYPES = YES;
				CLANG_WARN_SUSPICIOUS_MOVE = YES;
				CLANG_WARN_UNGUARDED_AVAILABILITY = YES_AGGRESSIVE;
				CLANG_WARN_UNREACHABLE_CODE = YES;
				CLANG_WARN__DUPLICATE_METHOD_MATCH = YES;
				COPY_PHASE_STRIP = NO;
				DEBUG_INFORMATION_FORMAT = "dwarf-with-dsym";
				ENABLE_NS_ASSERTIONS = NO;
				ENABLE_STRICT_OBJC_MSGSEND = YES;
				GCC_C_LANGUAGE_STANDARD = gnu11;
				GCC_NO_COMMON_BLOCKS = YES;
				GCC_WARN_64_TO_32_BIT_CONVERSION = YES;
				GCC_WARN_ABOUT_RETURN_TYPE = YES_ERROR;
				GCC_WARN_UNDECLARED_SELECTOR = YES;
				GCC_WARN_UNINITIALIZED_AUTOS = YES_AGGRESSIVE;
				GCC_WARN_UNUSED_FUNCTION = YES;
				GCC_WARN_UNUSED_VARIABLE = YES;
				IPHONEOS_DEPLOYMENT_TARGET = 14.0;
				MTL_ENABLE_DEBUG_INFO = NO;
				MTL_FAST_MATH = YES;
				SDKROOT = iphoneos;
				SWIFT_COMPILATION_MODE = wholemodule;
				SWIFT_OPTIMIZATION_LEVEL = "-O";
				VALIDATE_PRODUCT = YES;
			};
			name = Release;
		};
		F9146B6228C1EA1100FA7803 /* Debug */ = {
			isa = XCBuildConfiguration;
			buildSettings = {
				ALWAYS_EMBED_SWIFT_STANDARD_LIBRARIES = YES;
				ASSETCATALOG_COMPILER_APPICON_NAME = AppIcon;
				ASSETCATALOG_COMPILER_GLOBAL_ACCENT_COLOR_NAME = AccentColor;
				CODE_SIGN_ENTITLEMENTS = QuickBible/QuickBible.entitlements;
				CODE_SIGN_STYLE = Automatic;
				CURRENT_PROJECT_VERSION = 100;
				DEVELOPMENT_TEAM = W6UGG2DPWC;
				GENERATE_INFOPLIST_FILE = YES;
				INFOPLIST_FILE = QuickBible/Info.plist;
				INFOPLIST_KEY_CFBundleDisplayName = "速查圣经";
				INFOPLIST_KEY_UIApplicationSupportsIndirectInputEvents = YES;
				INFOPLIST_KEY_UILaunchStoryboardName = LaunchScreen;
				INFOPLIST_KEY_UIMainStoryboardFile = Main;
				INFOPLIST_KEY_UISupportedInterfaceOrientations = "UIInterfaceOrientationLandscapeLeft UIInterfaceOrientationLandscapeRight UIInterfaceOrientationPortrait UIInterfaceOrientationPortraitUpsideDown";
				IPHONEOS_DEPLOYMENT_TARGET = 14.0;
				LD_RUNPATH_SEARCH_PATHS = (
					"$(inherited)",
					"@executable_path/Frameworks",
				);
				MARKETING_VERSION = 1.3;
				PRODUCT_BUNDLE_IDENTIFIER = com.quickbible.QuickBible;
				PRODUCT_NAME = "$(TARGET_NAME)";
				SWIFT_EMIT_LOC_STRINGS = YES;
				SWIFT_VERSION = 5.0;
				TARGETED_DEVICE_FAMILY = "1,2";
			};
			name = Debug;
		};
		F9146B6328C1EA1100FA7803 /* Release */ = {
			isa = XCBuildConfiguration;
			buildSettings = {
				ALWAYS_EMBED_SWIFT_STANDARD_LIBRARIES = YES;
				ASSETCATALOG_COMPILER_APPICON_NAME = AppIcon;
				ASSETCATALOG_COMPILER_GLOBAL_ACCENT_COLOR_NAME = AccentColor;
				CODE_SIGN_ENTITLEMENTS = QuickBible/QuickBible.entitlements;
				CODE_SIGN_STYLE = Automatic;
				CURRENT_PROJECT_VERSION = 100;
				DEVELOPMENT_TEAM = W6UGG2DPWC;
				GENERATE_INFOPLIST_FILE = YES;
				INFOPLIST_FILE = QuickBible/Info.plist;
				INFOPLIST_KEY_CFBundleDisplayName = "速查圣经";
				INFOPLIST_KEY_UIApplicationSupportsIndirectInputEvents = YES;
				INFOPLIST_KEY_UILaunchStoryboardName = LaunchScreen;
				INFOPLIST_KEY_UIMainStoryboardFile = Main;
				INFOPLIST_KEY_UISupportedInterfaceOrientations = "UIInterfaceOrientationLandscapeLeft UIInterfaceOrientationLandscapeRight UIInterfaceOrientationPortrait UIInterfaceOrientationPortraitUpsideDown";
				IPHONEOS_DEPLOYMENT_TARGET = 14.0;
				LD_RUNPATH_SEARCH_PATHS = (
					"$(inherited)",
					"@executable_path/Frameworks",
				);
				MARKETING_VERSION = 1.3;
				PRODUCT_BUNDLE_IDENTIFIER = com.quickbible.QuickBible;
				PRODUCT_NAME = "$(TARGET_NAME)";
				SWIFT_EMIT_LOC_STRINGS = YES;
				SWIFT_VERSION = 5.0;
				TARGETED_DEVICE_FAMILY = "1,2";
			};
			name = Release;
		};
		F9146B6528C1EA1100FA7803 /* Debug */ = {
			isa = XCBuildConfiguration;
			buildSettings = {
				ALWAYS_EMBED_SWIFT_STANDARD_LIBRARIES = YES;
				BUNDLE_LOADER = "$(TEST_HOST)";
				CODE_SIGN_STYLE = Automatic;
				CURRENT_PROJECT_VERSION = 1;
				DEVELOPMENT_TEAM = W6UGG2DPWC;
				GENERATE_INFOPLIST_FILE = YES;
				IPHONEOS_DEPLOYMENT_TARGET = 15.5;
				MARKETING_VERSION = 1.0;
				PRODUCT_BUNDLE_IDENTIFIER = com.quickbible.QuickBibleTests;
				PRODUCT_NAME = "$(TARGET_NAME)";
				SWIFT_EMIT_LOC_STRINGS = NO;
				SWIFT_VERSION = 5.0;
				TARGETED_DEVICE_FAMILY = "1,2";
				TEST_HOST = "$(BUILT_PRODUCTS_DIR)/QuickBible.app/QuickBible";
			};
			name = Debug;
		};
		F9146B6628C1EA1100FA7803 /* Release */ = {
			isa = XCBuildConfiguration;
			buildSettings = {
				ALWAYS_EMBED_SWIFT_STANDARD_LIBRARIES = YES;
				BUNDLE_LOADER = "$(TEST_HOST)";
				CODE_SIGN_STYLE = Automatic;
				CURRENT_PROJECT_VERSION = 1;
				DEVELOPMENT_TEAM = W6UGG2DPWC;
				GENERATE_INFOPLIST_FILE = YES;
				IPHONEOS_DEPLOYMENT_TARGET = 15.5;
				MARKETING_VERSION = 1.0;
				PRODUCT_BUNDLE_IDENTIFIER = com.quickbible.QuickBibleTests;
				PRODUCT_NAME = "$(TARGET_NAME)";
				SWIFT_EMIT_LOC_STRINGS = NO;
				SWIFT_VERSION = 5.0;
				TARGETED_DEVICE_FAMILY = "1,2";
				TEST_HOST = "$(BUILT_PRODUCTS_DIR)/QuickBible.app/QuickBible";
			};
			name = Release;
		};
		F9146B6828C1EA1100FA7803 /* Debug */ = {
			isa = XCBuildConfiguration;
			buildSettings = {
				ALWAYS_EMBED_SWIFT_STANDARD_LIBRARIES = YES;
				CODE_SIGN_STYLE = Automatic;
				CURRENT_PROJECT_VERSION = 1;
				DEVELOPMENT_TEAM = W6UGG2DPWC;
				GENERATE_INFOPLIST_FILE = YES;
				MARKETING_VERSION = 1.0;
				PRODUCT_BUNDLE_IDENTIFIER = com.quickbible.QuickBibleUITests;
				PRODUCT_NAME = "$(TARGET_NAME)";
				SWIFT_EMIT_LOC_STRINGS = NO;
				SWIFT_VERSION = 5.0;
				TARGETED_DEVICE_FAMILY = "1,2";
				TEST_TARGET_NAME = QuickBible;
			};
			name = Debug;
		};
		F9146B6928C1EA1100FA7803 /* Release */ = {
			isa = XCBuildConfiguration;
			buildSettings = {
				ALWAYS_EMBED_SWIFT_STANDARD_LIBRARIES = YES;
				CODE_SIGN_STYLE = Automatic;
				CURRENT_PROJECT_VERSION = 1;
				DEVELOPMENT_TEAM = W6UGG2DPWC;
				GENERATE_INFOPLIST_FILE = YES;
				MARKETING_VERSION = 1.0;
				PRODUCT_BUNDLE_IDENTIFIER = com.quickbible.QuickBibleUITests;
				PRODUCT_NAME = "$(TARGET_NAME)";
				SWIFT_EMIT_LOC_STRINGS = NO;
				SWIFT_VERSION = 5.0;
				TARGETED_DEVICE_FAMILY = "1,2";
				TEST_TARGET_NAME = QuickBible;
			};
			name = Release;
		};
/* End XCBuildConfiguration section */

/* Begin XCConfigurationList section */
		F9146B3228C1EA1100FA7803 /* Build configuration list for PBXProject "QuickBible" */ = {
			isa = XCConfigurationList;
			buildConfigurations = (
				F9146B5F28C1EA1100FA7803 /* Debug */,
				F9146B6028C1EA1100FA7803 /* Release */,
			);
			defaultConfigurationIsVisible = 0;
			defaultConfigurationName = Release;
		};
		F9146B6128C1EA1100FA7803 /* Build configuration list for PBXNativeTarget "QuickBible" */ = {
			isa = XCConfigurationList;
			buildConfigurations = (
				F9146B6228C1EA1100FA7803 /* Debug */,
				F9146B6328C1EA1100FA7803 /* Release */,
			);
			defaultConfigurationIsVisible = 0;
			defaultConfigurationName = Release;
		};
		F9146B6428C1EA1100FA7803 /* Build configuration list for PBXNativeTarget "QuickBibleTests" */ = {
			isa = XCConfigurationList;
			buildConfigurations = (
				F9146B6528C1EA1100FA7803 /* Debug */,
				F9146B6628C1EA1100FA7803 /* Release */,
			);
			defaultConfigurationIsVisible = 0;
			defaultConfigurationName = Release;
		};
		F9146B6728C1EA1100FA7803 /* Build configuration list for PBXNativeTarget "QuickBibleUITests" */ = {
			isa = XCConfigurationList;
			buildConfigurations = (
				F9146B6828C1EA1100FA7803 /* Debug */,
				F9146B6928C1EA1100FA7803 /* Release */,
			);
			defaultConfigurationIsVisible = 0;
			defaultConfigurationName = Release;
		};
/* End XCConfigurationList section */
	};
	rootObject = F9146B2F28C1EA1100FA7803 /* Project object */;
}
